Microsoft Visual Studio Solution File, Format Version 10.00
# Visual Studio 2008
Project("{8BC9CEB8-8B4A-11D0-8D11-00A0C91BC942}") = "vcgame", "vcgame.vcproj", "{0201E17D-96F5-46C1-B64A-CE1F56E43184}"
EndProject
Global
	GlobalSection(SolutionConfigurationPlatforms) = preSolution
		Debug|Win32 = Debug|Win32
		Release|Win32 = Release|Win32
	EndGlobalSection
	GlobalSection(ProjectConfigurationPlatforms) = postSolution
		{0201E17D-96F5-46C1-B64A-CE1F56E43184}.Debug|Win32.ActiveCfg = Debug|Win32
		{0201E17D-96F5-46C1-B64A-CE1F56E43184}.Debug|Win32.Build.0 = Debug|Win32
		{0201E17D-96F5-46C1-B64A-CE1F56E43184}.Release|Win32.ActiveCfg = Release|Win32
		{0201E17D-96F5-46C1-B64A-CE1F56E43184}.Release|Win32.Build.0 = Release|Win32
	EndGlobalSection
	GlobalSection(SolutionProperties) = preSolution
		HideSolutionNode = FALSE
	EndGlobalSection
EndGlobal
